
Microsoft Visual Studio Solution File, Format Version 12.00
# Visual Studio Version 17
VisualStudioVersion = 17.0.31521.260
MinimumVisualStudioVersion = 10.0.40219.1
Project("{9A19103F-16F7-4668-BE54-9A1E7A4F7556}") = "PornJudger", "PornJudger.csproj", "{4FC12530-027D-41C0-BEC7-B38E71A5500C}"
EndProject
Global
	GlobalSection(SolutionConfigurationPlatforms) = preSolution
		Debug|Any CPU = Debug|Any CPU
		Release|Any CPU = Release|Any CPU
	EndGlobalSection
	GlobalSection(ProjectConfigurationPlatforms) = postSolution
		{4FC12530-027D-41C0-BEC7-B38E71A5500C}.Debug|Any CPU.ActiveCfg = Debug|Any CPU
		{4FC12530-027D-41C0-BEC7-B38E71A5500C}.Debug|Any CPU.Build.0 = Debug|Any CPU
		{4FC12530-027D-41C0-BEC7-B38E71A5500C}.Release|Any CPU.ActiveCfg = Release|Any CPU
		{4FC12530-027D-41C0-BEC7-B38E71A5500C}.Release|Any CPU.Build.0 = Release|Any CPU
	EndGlobalSection
	GlobalSection(SolutionProperties) = preSolution
		HideSolutionNode = FALSE
	EndGlobalSection
	GlobalSection(ExtensibilityGlobals) = postSolution
		SolutionGuid = {EB0B40C9-C833-4311-8F5F-8DCE5ACA5CE8}
	EndGlobalSection
EndGlobal
